{
  "originHash" : "eb082af30354a561565dbc6094168b1043316e66e02026213411ac9051a94aac",
  "pins" : [
    {
      "identity" : "locking",
      "kind" : "remoteSourceControl",
      "location" : "https://github.com/codingiran/Locking.git",
      "state" : {
        "revision" : "767e28c75308269c403c6795db148fc78a5b420d",
        "version" : "0.0.4"
      }
    },
    {
      "identity" : "swiftytimer",
      "kind" : "remoteSourceControl",
      "location" : "https://github.com/codingiran/SwiftyTimer.git",
      "state" : {
        "revision" : "1db6b4791e873aa3996f1aa97b46a4f3e31f1878",
        "version" : "2.0.4"
      }
    }
  ],
  "version" : 3
}
