{
  "pins" : [
    {
      "identity" : "locking",
      "kind" : "remoteSourceControl",
      "location" : "https://github.com/codingiran/Locking.git",
      "state" : {
        "revision" : "62827f93297bc860df1b0532b06173c64facaa22",
        "version" : "0.0.1"
      }
    },
    {
      "identity" : "swiftytimer",
      "kind" : "remoteSourceControl",
      "location" : "https://github.com/codingiran/SwiftyTimer.git",
      "state" : {
        "branch" : "develop",
        "revision" : "fd74663d094c58d54405661cd9b27aedac88c5a5"
      }
    }
  ],
  "version" : 2
}
