{
  "pins" : [
    {
      "identity" : "locking",
      "kind" : "remoteSourceControl",
      "location" : "https://github.com/codingiran/Locking.git",
      "state" : {
        "revision" : "a268a3da43bf3295a8fd4e403cf1c57d2ccad0c8",
        "version" : "0.0.3"
      }
    },
    {
      "identity" : "swiftytimer",
      "kind" : "remoteSourceControl",
      "location" : "https://github.com/codingiran/SwiftyTimer.git",
      "state" : {
        "revision" : "062321b4729e0e21713fe38162f5f95ea3f7bbb5",
        "version" : "2.0.0"
      }
    }
  ],
  "version" : 2
}
